
Microsoft Visual Studio Solution File, Format Version 12.00
# Visual Studio Version 16
VisualStudioVersion = 16.0.30621.155
MinimumVisualStudioVersion = 10.0.40219.1
Project("{2150E333-8FDC-42A3-9474-1A3956D46DE8}") = "src", "src", "{54EE3CDC-058C-4C4A-B98F-4793AA1FF421}"
EndProject
Project("{2150E333-8FDC-42A3-9474-1A3956D46DE8}") = "Tests", "Tests", "{8BF8F12E-A2A7-4330-9A79-8100754D2592}"
EndProject
Project("{2150E333-8FDC-42A3-9474-1A3956D46DE8}") = "API", "API", "{9D16954C-F35C-485C-AB28-1BC6F5082944}"
EndProject
Project("{2150E333-8FDC-42A3-9474-1A3956D46DE8}") = "Core", "Core", "{5B5B9796-23DB-4CD3-96AC-61D7F114168E}"
EndProject
Project("{2150E333-8FDC-42A3-9474-1A3956D46DE8}") = "UI", "UI", "{C9A40010-AF08-489B-868C-ED1B9B03F15A}"
EndProject
Project("{2150E333-8FDC-42A3-9474-1A3956D46DE8}") = "Infrastructure", "Infrastructure", "{B87FDC4A-9CE2-47EA-85F2-90FE3F03D48A}"
EndProject
Project("{9A19103F-16F7-4668-BE54-9A1E7A4F7556}") = "UnitTests", "UnitTests\UnitTests.csproj", "{76B06D02-31AF-4ED8-B470-8E3BA5147C32}"
EndProject
Project("{FAE04EC0-301F-11D3-BF4B-00C04F79EFBC}") = "Persistence", "Persistence\Persistence.csproj", "{F437725D-334D-4A6D-9035-DC994EDED4C0}"
EndProject
Project("{FAE04EC0-301F-11D3-BF4B-00C04F79EFBC}") = "Application", "Application\Application.csproj", "{BA7A0D60-5CF8-4435-831E-73825AD77778}"
EndProject
Project("{FAE04EC0-301F-11D3-BF4B-00C04F79EFBC}") = "Domain", "Domain\Domain.csproj", "{9CAE2477-7709-4AF4-A840-8D39B40FA01F}"
EndProject
Project("{FAE04EC0-301F-11D3-BF4B-00C04F79EFBC}") = "LPC.API", "LPC.API\LPC.API.csproj", "{B406B041-4D6D-41DB-B5DB-1B57A4E775FB}"
EndProject
Global
	GlobalSection(SolutionConfigurationPlatforms) = preSolution
		Debug|Any CPU = Debug|Any CPU
		Release|Any CPU = Release|Any CPU
	EndGlobalSection
	GlobalSection(ProjectConfigurationPlatforms) = postSolution
		{76B06D02-31AF-4ED8-B470-8E3BA5147C32}.Debug|Any CPU.ActiveCfg = Debug|Any CPU
		{76B06D02-31AF-4ED8-B470-8E3BA5147C32}.Debug|Any CPU.Build.0 = Debug|Any CPU
		{76B06D02-31AF-4ED8-B470-8E3BA5147C32}.Release|Any CPU.ActiveCfg = Release|Any CPU
		{76B06D02-31AF-4ED8-B470-8E3BA5147C32}.Release|Any CPU.Build.0 = Release|Any CPU
		{F437725D-334D-4A6D-9035-DC994EDED4C0}.Debug|Any CPU.ActiveCfg = Debug|Any CPU
		{F437725D-334D-4A6D-9035-DC994EDED4C0}.Debug|Any CPU.Build.0 = Debug|Any CPU
		{F437725D-334D-4A6D-9035-DC994EDED4C0}.Release|Any CPU.ActiveCfg = Release|Any CPU
		{F437725D-334D-4A6D-9035-DC994EDED4C0}.Release|Any CPU.Build.0 = Release|Any CPU
		{BA7A0D60-5CF8-4435-831E-73825AD77778}.Debug|Any CPU.ActiveCfg = Debug|Any CPU
		{BA7A0D60-5CF8-4435-831E-73825AD77778}.Debug|Any CPU.Build.0 = Debug|Any CPU
		{BA7A0D60-5CF8-4435-831E-73825AD77778}.Release|Any CPU.ActiveCfg = Release|Any CPU
		{BA7A0D60-5CF8-4435-831E-73825AD77778}.Release|Any CPU.Build.0 = Release|Any CPU
		{9CAE2477-7709-4AF4-A840-8D39B40FA01F}.Debug|Any CPU.ActiveCfg = Debug|Any CPU
		{9CAE2477-7709-4AF4-A840-8D39B40FA01F}.Debug|Any CPU.Build.0 = Debug|Any CPU
		{9CAE2477-7709-4AF4-A840-8D39B40FA01F}.Release|Any CPU.ActiveCfg = Release|Any CPU
		{9CAE2477-7709-4AF4-A840-8D39B40FA01F}.Release|Any CPU.Build.0 = Release|Any CPU
		{B406B041-4D6D-41DB-B5DB-1B57A4E775FB}.Debug|Any CPU.ActiveCfg = Debug|Any CPU
		{B406B041-4D6D-41DB-B5DB-1B57A4E775FB}.Debug|Any CPU.Build.0 = Debug|Any CPU
		{B406B041-4D6D-41DB-B5DB-1B57A4E775FB}.Release|Any CPU.ActiveCfg = Release|Any CPU
		{B406B041-4D6D-41DB-B5DB-1B57A4E775FB}.Release|Any CPU.Build.0 = Release|Any CPU
	EndGlobalSection
	GlobalSection(SolutionProperties) = preSolution
		HideSolutionNode = FALSE
	EndGlobalSection
	GlobalSection(NestedProjects) = preSolution
		{9D16954C-F35C-485C-AB28-1BC6F5082944} = {54EE3CDC-058C-4C4A-B98F-4793AA1FF421}
		{5B5B9796-23DB-4CD3-96AC-61D7F114168E} = {54EE3CDC-058C-4C4A-B98F-4793AA1FF421}
		{C9A40010-AF08-489B-868C-ED1B9B03F15A} = {54EE3CDC-058C-4C4A-B98F-4793AA1FF421}
		{B87FDC4A-9CE2-47EA-85F2-90FE3F03D48A} = {54EE3CDC-058C-4C4A-B98F-4793AA1FF421}
		{76B06D02-31AF-4ED8-B470-8E3BA5147C32} = {8BF8F12E-A2A7-4330-9A79-8100754D2592}
		{F437725D-334D-4A6D-9035-DC994EDED4C0} = {B87FDC4A-9CE2-47EA-85F2-90FE3F03D48A}
		{BA7A0D60-5CF8-4435-831E-73825AD77778} = {5B5B9796-23DB-4CD3-96AC-61D7F114168E}
		{9CAE2477-7709-4AF4-A840-8D39B40FA01F} = {5B5B9796-23DB-4CD3-96AC-61D7F114168E}
		{B406B041-4D6D-41DB-B5DB-1B57A4E775FB} = {9D16954C-F35C-485C-AB28-1BC6F5082944}
	EndGlobalSection
	GlobalSection(ExtensibilityGlobals) = postSolution
		SolutionGuid = {11F30034-8633-4382-B5DD-2883FFB746E3}
	EndGlobalSection
EndGlobal
